
Microsoft Visual Studio Solution File, Format Version 12.00
Project("{FAE04EC0-301F-11D3-BF4B-00C04F79EFBC}") = "blog", "blog\blog.csproj", "{66701027-F1CE-4B48-BA3A-4BDCA95360D7}"
EndProject
Global
	GlobalSection(SolutionConfigurationPlatforms) = preSolution
		Debug|Any CPU = Debug|Any CPU
		Release|Any CPU = Release|Any CPU
	EndGlobalSection
	GlobalSection(ProjectConfigurationPlatforms) = postSolution
		{66701027-F1CE-4B48-BA3A-4BDCA95360D7}.Debug|Any CPU.ActiveCfg = Debug|Any CPU
		{66701027-F1CE-4B48-BA3A-4BDCA95360D7}.Debug|Any CPU.Build.0 = Debug|Any CPU
		{66701027-F1CE-4B48-BA3A-4BDCA95360D7}.Release|Any CPU.ActiveCfg = Release|Any CPU
		{66701027-F1CE-4B48-BA3A-4BDCA95360D7}.Release|Any CPU.Build.0 = Release|Any CPU
	EndGlobalSection
EndGlobal
